
Microsoft Visual Studio Solution File, Format Version 12.00
# Visual Studio for Mac
Project("{FAE04EC0-301F-11D3-BF4B-00C04F79EFBC}") = "Assembly-CSharp", "Assembly-CSharp.csproj", "{3374A852-C362-8B96-4795-D45AAD0BF5E2}"
EndProject
Project("{FAE04EC0-301F-11D3-BF4B-00C04F79EFBC}") = "Assembly-CSharp-Editor", "Assembly-CSharp-Editor.csproj", "{3EE43B57-FBB6-0BFD-753A-E808F6C798A3}"
EndProject
Global
	GlobalSection(SolutionConfigurationPlatforms) = preSolution
		Debug|Any CPU = Debug|Any CPU
		Release|Any CPU = Release|Any CPU
	EndGlobalSection
	GlobalSection(ProjectConfigurationPlatforms) = postSolution
		{3374A852-C362-8B96-4795-D45AAD0BF5E2}.Debug|Any CPU.ActiveCfg = Debug|Any CPU
		{3374A852-C362-8B96-4795-D45AAD0BF5E2}.Debug|Any CPU.Build.0 = Debug|Any CPU
		{3374A852-C362-8B96-4795-D45AAD0BF5E2}.Release|Any CPU.ActiveCfg = Release|Any CPU
		{3374A852-C362-8B96-4795-D45AAD0BF5E2}.Release|Any CPU.Build.0 = Release|Any CPU
		{3EE43B57-FBB6-0BFD-753A-E808F6C798A3}.Debug|Any CPU.ActiveCfg = Debug|Any CPU
		{3EE43B57-FBB6-0BFD-753A-E808F6C798A3}.Debug|Any CPU.Build.0 = Debug|Any CPU
		{3EE43B57-FBB6-0BFD-753A-E808F6C798A3}.Release|Any CPU.ActiveCfg = Release|Any CPU
		{3EE43B57-FBB6-0BFD-753A-E808F6C798A3}.Release|Any CPU.Build.0 = Release|Any CPU
	EndGlobalSection
	GlobalSection(SolutionProperties) = preSolution
		HideSolutionNode = FALSE
	EndGlobalSection
EndGlobal
